// !$*UTF8*$!
{
	archiveVersion = 1;
	classes = {
	};
	objectVersion = 50;
	objects = {

/* Begin PBXBuildFile section */
		01E00BDC24387FCF00FCA8C5 /* MyPlugin8.cpp in Sources */ = {isa = PBXBuildFile; fileRef = 01E00BDB24387FCF00FCA8C5 /* MyPlugin8.cpp */; };
		01E00BDE24387FE300FCA8C5 /* Main.cpp in Sources */ = {isa = PBXBuildFile; fileRef = 01E00BDD24387FE300FCA8C5 /* Main.cpp */; };
/* End PBXBuildFile section */

/* Begin PBXFileReference section */
		01E00BD024387F8300FCA8C5 /* MyPlugin8.bundle */ = {isa = PBXFileReference; explicitFileType = wrapper.cfbundle; includeInIndex = 0; path = MyPlugin8.bundle; sourceTree = BUILT_PRODUCTS_DIR; };
		01E00BD324387F8300FCA8C5 /* Info.plist */ = {isa = PBXFileReference; lastKnownFileType = text.plist.xml; path = Info.plist; sourceTree = "<group>"; };
		01E00BDA24387FB200FCA8C5 /* MyPlugin8.h */ = {isa = PBXFileReference; lastKnownFileType = sourcecode.c.h; path = MyPlugin8.h; sourceTree = "<group>"; };
		01E00BDB24387FCF00FCA8C5 /* MyPlugin8.cpp */ = {isa = PBXFileReference; lastKnownFileType = sourcecode.cpp.cpp; path = MyPlugin8.cpp; sourceTree = "<group>"; };
		01E00BDD24387FE300FCA8C5 /* Main.cpp */ = {isa = PBXFileReference; lastKnownFileType = sourcecode.cpp.cpp; path = Main.cpp; sourceTree = "<group>"; };
		01E00BDF2438802200FCA8C5 /* vdjPlugin8.h */ = {isa = PBXFileReference; lastKnownFileType = sourcecode.c.h; path = vdjPlugin8.h; sourceTree = "<group>"; };
		01E00BE12438812B00FCA8C5 /* vdjDsp8.h */ = {isa = PBXFileReference; lastKnownFileType = sourcecode.c.h; path = vdjDsp8.h; sourceTree = "<group>"; };
/* End PBXFileReference section */

/* Begin PBXFrameworksBuildPhase section */
		01E00BCD24387F8300FCA8C5 /* Frameworks */ = {
			isa = PBXFrameworksBuildPhase;
			buildActionMask = 2147483647;
			files = (
			);
			runOnlyForDeploymentPostprocessing = 0;
		};
/* End PBXFrameworksBuildPhase section */

/* Begin PBXGroup section */
		01E00BC724387F8300FCA8C5 = {
			isa = PBXGroup;
			children = (
				01E00BD924387F9600FCA8C5 /* Source */,
				01E00BD224387F8300FCA8C5 /* MyPlugin8 */,
				01E00BD124387F8300FCA8C5 /* Products */,
			);
			sourceTree = "<group>";
		};
		01E00BD124387F8300FCA8C5 /* Products */ = {
			isa = PBXGroup;
			children = (
				01E00BD024387F8300FCA8C5 /* MyPlugin8.bundle */,
			);
			name = Products;
			sourceTree = "<group>";
		};
		01E00BD224387F8300FCA8C5 /* MyPlugin8 */ = {
			isa = PBXGroup;
			children = (
				01E00BD324387F8300FCA8C5 /* Info.plist */,
			);
			path = MyPlugin8;
			sourceTree = "<group>";
		};
		01E00BD924387F9600FCA8C5 /* Source */ = {
			isa = PBXGroup;
			children = (
				01E00BDA24387FB200FCA8C5 /* MyPlugin8.h */,
				01E00BDB24387FCF00FCA8C5 /* MyPlugin8.cpp */,
				01E00BDD24387FE300FCA8C5 /* Main.cpp */,
				01E00BDF2438802200FCA8C5 /* vdjPlugin8.h */,
				01E00BE12438812B00FCA8C5 /* vdjDsp8.h */,
			);
			name = Source;
			sourceTree = "<group>";
		};
/* End PBXGroup section */

/* Begin PBXNativeTarget section */
		01E00BCF24387F8300FCA8C5 /* MyPlugin8 */ = {
			isa = PBXNativeTarget;
			buildConfigurationList = 01E00BD624387F8300FCA8C5 /* Build configuration list for PBXNativeTarget "MyPlugin8" */;
			buildPhases = (
				01E00BCC24387F8300FCA8C5 /* Sources */,
				01E00BCD24387F8300FCA8C5 /* Frameworks */,
				01E00BCE24387F8300FCA8C5 /* Resources */,
			);
			buildRules = (
			);
			dependencies = (
			);
			name = MyPlugin8;
			productName = MyPlugin8;
			productReference = 01E00BD024387F8300FCA8C5 /* MyPlugin8.bundle */;
			productType = "com.apple.product-type.bundle";
		};
/* End PBXNativeTarget section */

/* Begin PBXProject section */
		01E00BC824387F8300FCA8C5 /* Project object */ = {
			isa = PBXProject;
			attributes = {
				LastUpgradeCheck = 1010;
				ORGANIZATIONNAME = VirtualDJ;
				TargetAttributes = {
					01E00BCF24387F8300FCA8C5 = {
						CreatedOnToolsVersion = 10.1;
					};
				};
			};
			buildConfigurationList = 01E00BCB24387F8300FCA8C5 /* Build configuration list for PBXProject "MyPlugin8" */;
			compatibilityVersion = "Xcode 9.3";
			developmentRegion = en;
			hasScannedForEncodings = 0;
			knownRegions = (
				en,
			);
			mainGroup = 01E00BC724387F8300FCA8C5;
			productRefGroup = 01E00BD124387F8300FCA8C5 /* Products */;
			projectDirPath = "";
			projectRoot = "";
			targets = (
				01E00BCF24387F8300FCA8C5 /* MyPlugin8 */,
			);
		};
/* End PBXProject section */

/* Begin PBXResourcesBuildPhase section */
		01E00BCE24387F8300FCA8C5 /* Resources */ = {
			isa = PBXResourcesBuildPhase;
			buildActionMask = 2147483647;
			files = (
			);
			runOnlyForDeploymentPostprocessing = 0;
		};
/* End PBXResourcesBuildPhase section */

/* Begin PBXSourcesBuildPhase section */
		01E00BCC24387F8300FCA8C5 /* Sources */ = {
			isa = PBXSourcesBuildPhase;
			buildActionMask = 2147483647;
			files = (
				01E00BDE24387FE300FCA8C5 /* Main.cpp in Sources */,
				01E00BDC24387FCF00FCA8C5 /* MyPlugin8.cpp in Sources */,
			);
			runOnlyForDeploymentPostprocessing = 0;
		};
/* End PBXSourcesBuildPhase section */

/* Begin XCBuildConfiguration section */
		01E00BD424387F8300FCA8C5 /* Debug */ = {
			isa = XCBuildConfiguration;
			buildSettings = {
				ALWAYS_SEARCH_USER_PATHS = NO;
				CLANG_ANALYZER_NONNULL = YES;
				CLANG_ANALYZER_NUMBER_OBJECT_CONVERSION = YES_AGGRESSIVE;
				CLANG_CXX_LANGUAGE_STANDARD = "gnu++14";
				CLANG_CXX_LIBRARY = "libc++";
				CLANG_ENABLE_MODULES = YES;
				CLANG_ENABLE_OBJC_ARC = YES;
				CLANG_ENABLE_OBJC_WEAK = YES;
				CLANG_WARN_BLOCK_CAPTURE_AUTORELEASING = YES;
				CLANG_WARN_BOOL_CONVERSION = YES;
				CLANG_WARN_COMMA = YES;
				CLANG_WARN_CONSTANT_CONVERSION = YES;
				CLANG_WARN_DEPRECATED_OBJC_IMPLEMENTATIONS = YES;
				CLANG_WARN_DIRECT_OBJC_ISA_USAGE = YES_ERROR;
				CLANG_WARN_DOCUMENTATION_COMMENTS = YES;
				CLANG_WARN_EMPTY_BODY = YES;
				CLANG_WARN_ENUM_CONVERSION = YES;
				CLANG_WARN_INFINITE_RECURSION = YES;
				CLANG_WARN_INT_CONVERSION = YES;
				CLANG_WARN_NON_LITERAL_NULL_CONVERSION = YES;
				CLANG_WARN_OBJC_IMPLICIT_RETAIN_SELF = YES;
				CLANG_WARN_OBJC_LITERAL_CONVERSION = YES;
				CLANG_WARN_OBJC_ROOT_CLASS = YES_ERROR;
				CLANG_WARN_RANGE_LOOP_ANALYSIS = YES;
				CLANG_WARN_STRICT_PROTOTYPES = YES;
				CLANG_WARN_SUSPICIOUS_MOVE = YES;
				CLANG_WARN_UNGUARDED_AVAILABILITY = YES_AGGRESSIVE;
				CLANG_WARN_UNREACHABLE_CODE = YES;
				CLANG_WARN__DUPLICATE_METHOD_MATCH = YES;
				CODE_SIGN_IDENTITY = "-";
				COPY_PHASE_STRIP = NO;
				DEBUG_INFORMATION_FORMAT = dwarf;
				ENABLE_STRICT_OBJC_MSGSEND = YES;
				ENABLE_TESTABILITY = YES;
				GCC_C_LANGUAGE_STANDARD = gnu11;
				GCC_DYNAMIC_NO_PIC = NO;
				GCC_NO_COMMON_BLOCKS = YES;
				GCC_OPTIMIZATION_LEVEL = 0;
				GCC_PREPROCESSOR_DEFINITIONS = (
					"DEBUG=1",
					"$(inherited)",
				);
				GCC_WARN_64_TO_32_BIT_CONVERSION = YES;
				GCC_WARN_ABOUT_RETURN_TYPE = YES_ERROR;
				GCC_WARN_UNDECLARED_SELECTOR = YES;
				GCC_WARN_UNINITIALIZED_AUTOS = YES_AGGRESSIVE;
				GCC_WARN_UNUSED_FUNCTION = YES;
				GCC_WARN_UNUSED_VARIABLE = YES;
				MACOSX_DEPLOYMENT_TARGET = 10.13;
				MTL_ENABLE_DEBUG_INFO = INCLUDE_SOURCE;
				MTL_FAST_MATH = YES;
				ONLY_ACTIVE_ARCH = YES;
				SDKROOT = macosx;
			};
			name = Debug;
		};
		01E00BD524387F8300FCA8C5 /* Release */ = {
			isa = XCBuildConfiguration;
			buildSettings = {
				ALWAYS_SEARCH_USER_PATHS = NO;
				CLANG_ANALYZER_NONNULL = YES;
				CLANG_ANALYZER_NUMBER_OBJECT_CONVERSION = YES_AGGRESSIVE;
				CLANG_CXX_LANGUAGE_STANDARD = "gnu++14";
				CLANG_CXX_LIBRARY = "libc++";
				CLANG_ENABLE_MODULES = YES;
				CLANG_ENABLE_OBJC_ARC = YES;
				CLANG_ENABLE_OBJC_WEAK = YES;
				CLANG_WARN_BLOCK_CAPTURE_AUTORELEASING = YES;
				CLANG_WARN_BOOL_CONVERSION = YES;
				CLANG_WARN_COMMA = YES;
				CLANG_WARN_CONSTANT_CONVERSION = YES;
				CLANG_WARN_DEPRECATED_OBJC_IMPLEMENTATIONS = YES;
				CLANG_WARN_DIRECT_OBJC_ISA_USAGE = YES_ERROR;
				CLANG_WARN_DOCUMENTATION_COMMENTS = YES;
				CLANG_WARN_EMPTY_BODY = YES;
				CLANG_WARN_ENUM_CONVERSION = YES;
				CLANG_WARN_INFINITE_RECURSION = YES;
				CLANG_WARN_INT_CONVERSION = YES;
				CLANG_WARN_NON_LITERAL_NULL_CONVERSION = YES;
				CLANG_WARN_OBJC_IMPLICIT_RETAIN_SELF = YES;
				CLANG_WARN_OBJC_LITERAL_CONVERSION = YES;
				CLANG_WARN_OBJC_ROOT_CLASS = YES_ERROR;
				CLANG_WARN_RANGE_LOOP_ANALYSIS = YES;
				CLANG_WARN_STRICT_PROTOTYPES = YES;
				CLANG_WARN_SUSPICIOUS_MOVE = YES;
				CLANG_WARN_UNGUARDED_AVAILABILITY = YES_AGGRESSIVE;
				CLANG_WARN_UNREACHABLE_CODE = YES;
				CLANG_WARN__DUPLICATE_METHOD_MATCH = YES;
				CODE_SIGN_IDENTITY = "-";
				COPY_PHASE_STRIP = NO;
				DEBUG_INFORMATION_FORMAT = "dwarf-with-dsym";
				ENABLE_NS_ASSERTIONS = NO;
				ENABLE_STRICT_OBJC_MSGSEND = YES;
				GCC_C_LANGUAGE_STANDARD = gnu11;
				GCC_NO_COMMON_BLOCKS = YES;
				GCC_WARN_64_TO_32_BIT_CONVERSION = YES;
				GCC_WARN_ABOUT_RETURN_TYPE = YES_ERROR;
				GCC_WARN_UNDECLARED_SELECTOR = YES;
				GCC_WARN_UNINITIALIZED_AUTOS = YES_AGGRESSIVE;
				GCC_WARN_UNUSED_FUNCTION = YES;
				GCC_WARN_UNUSED_VARIABLE = YES;
				MACOSX_DEPLOYMENT_TARGET = 10.13;
				MTL_ENABLE_DEBUG_INFO = NO;
				MTL_FAST_MATH = YES;
				SDKROOT = macosx;
			};
			name = Release;
		};
		01E00BD724387F8300FCA8C5 /* Debug */ = {
			isa = XCBuildConfiguration;
			buildSettings = {
				CODE_SIGN_STYLE = Automatic;
				COMBINE_HIDPI_IMAGES = YES;
				INFOPLIST_FILE = MyPlugin8/Info.plist;
				INSTALL_PATH = "$(LOCAL_LIBRARY_DIR)/Bundles";
				PRODUCT_BUNDLE_IDENTIFIER = virtualdj.MyPlugin8;
				PRODUCT_NAME = "$(TARGET_NAME)";
				SKIP_INSTALL = YES;
				WRAPPER_EXTENSION = bundle;
			};
			name = Debug;
		};
		01E00BD824387F8300FCA8C5 /* Release */ = {
			isa = XCBuildConfiguration;
			buildSettings = {
				CODE_SIGN_STYLE = Automatic;
				COMBINE_HIDPI_IMAGES = YES;
				INFOPLIST_FILE = MyPlugin8/Info.plist;
				INSTALL_PATH = "$(LOCAL_LIBRARY_DIR)/Bundles";
				PRODUCT_BUNDLE_IDENTIFIER = virtualdj.MyPlugin8;
				PRODUCT_NAME = "$(TARGET_NAME)";
				SKIP_INSTALL = YES;
				WRAPPER_EXTENSION = bundle;
			};
			name = Release;
		};
/* End XCBuildConfiguration section */

/* Begin XCConfigurationList section */
		01E00BCB24387F8300FCA8C5 /* Build configuration list for PBXProject "MyPlugin8" */ = {
			isa = XCConfigurationList;
			buildConfigurations = (
				01E00BD424387F8300FCA8C5 /* Debug */,
				01E00BD524387F8300FCA8C5 /* Release */,
			);
			defaultConfigurationIsVisible = 0;
			defaultConfigurationName = Release;
		};
		01E00BD624387F8300FCA8C5 /* Build configuration list for PBXNativeTarget "MyPlugin8" */ = {
			isa = XCConfigurationList;
			buildConfigurations = (
				01E00BD724387F8300FCA8C5 /* Debug */,
				01E00BD824387F8300FCA8C5 /* Release */,
			);
			defaultConfigurationIsVisible = 0;
			defaultConfigurationName = Release;
		};
/* End XCConfigurationList section */
	};
	rootObject = 01E00BC824387F8300FCA8C5 /* Project object */;
}
